
Microsoft Visual Studio Solution File, Format Version 12.00
# Visual Studio Version 16
VisualStudioVersion = 16.0.31410.357
MinimumVisualStudioVersion = 10.0.40219.1
Project("{FAE04EC0-301F-11D3-BF4B-00C04F79EFBC}") = "Tarea05_09", "Tarea05_09\Tarea05_09.csproj", "{2988C2A7-B822-44CD-B36C-2EA887668417}"
EndProject
Global
	GlobalSection(SolutionConfigurationPlatforms) = preSolution
		Debug|Any CPU = Debug|Any CPU
		Release|Any CPU = Release|Any CPU
	EndGlobalSection
	GlobalSection(ProjectConfigurationPlatforms) = postSolution
		{2988C2A7-B822-44CD-B36C-2EA887668417}.Debug|Any CPU.ActiveCfg = Debug|Any CPU
		{2988C2A7-B822-44CD-B36C-2EA887668417}.Debug|Any CPU.Build.0 = Debug|Any CPU
		{2988C2A7-B822-44CD-B36C-2EA887668417}.Release|Any CPU.ActiveCfg = Release|Any CPU
		{2988C2A7-B822-44CD-B36C-2EA887668417}.Release|Any CPU.Build.0 = Release|Any CPU
	EndGlobalSection
	GlobalSection(SolutionProperties) = preSolution
		HideSolutionNode = FALSE
	EndGlobalSection
	GlobalSection(ExtensibilityGlobals) = postSolution
		SolutionGuid = {9BF8488E-477E-4049-8C5B-304104512247}
	EndGlobalSection
EndGlobal
